
Microsoft Visual Studio Solution File, Format Version 12.00
# Visual Studio Version 17
VisualStudioVersion = 17.1.32228.430
MinimumVisualStudioVersion = 10.0.40219.1
Project("{FAE04EC0-301F-11D3-BF4B-00C04F79EFBC}") = "hometask", "hometask\hometask.csproj", "{FCC8A1F8-ADF7-4D49-9666-0998BAC3F882}"
EndProject
Global
	GlobalSection(SolutionConfigurationPlatforms) = preSolution
		Debug|Any CPU = Debug|Any CPU
		Release|Any CPU = Release|Any CPU
	EndGlobalSection
	GlobalSection(ProjectConfigurationPlatforms) = postSolution
		{FCC8A1F8-ADF7-4D49-9666-0998BAC3F882}.Debug|Any CPU.ActiveCfg = Debug|Any CPU
		{FCC8A1F8-ADF7-4D49-9666-0998BAC3F882}.Debug|Any CPU.Build.0 = Debug|Any CPU
		{FCC8A1F8-ADF7-4D49-9666-0998BAC3F882}.Release|Any CPU.ActiveCfg = Release|Any CPU
		{FCC8A1F8-ADF7-4D49-9666-0998BAC3F882}.Release|Any CPU.Build.0 = Release|Any CPU
	EndGlobalSection
	GlobalSection(SolutionProperties) = preSolution
		HideSolutionNode = FALSE
	EndGlobalSection
	GlobalSection(ExtensibilityGlobals) = postSolution
		SolutionGuid = {AF1FCF15-BD2F-4D29-82ED-EBF9A142283E}
	EndGlobalSection
EndGlobal
